PackratFormat: 1.4
PackratVersion: 0.4.8.1
RVersion: 3.4.2
Repos: CRAN=https://cran.rstudio.com/,
    CRANextra=http://www.stats.ox.ac.uk/pub/RWin

Package: BH
Source: CRAN
Version: 1.62.0-1
Hash: 14dfb3e8ffe20996118306ff4de1fab2

Package: DEoptimR
Source: CRAN
Version: 1.0-8
Hash: adc74e88e85eabe6c7d73db6a86fe6cf

Package: MuMIn
Source: CRAN
Version: 1.15.6
Hash: d191dd9e1c70475a5ffe34070f7260e2

Package: R6
Source: CRAN
Version: 2.2.2
Hash: b2366cd9d2f3851a5704b4e192b985c2

Package: RColorBrewer
Source: CRAN
Version: 1.1-2
Hash: c0d56cd15034f395874c870141870c25

Package: Rcpp
Source: CRAN
Version: 0.12.12
Hash: 8b3d5ebb9a9a4ab5c86b3a81b0cfb774

Package: ape
Source: CRAN
Version: 4.1
Hash: 69cde77c7421c64fc49a2c610cb486be

Package: assertthat
Source: CRAN
Version: 0.2.0
Hash: e8805df54c65ac96d50235c44a82615c

Package: backports
Source: CRAN
Version: 1.1.1
Hash: add136c9d4540b96290e9cc438763da7

Package: base64enc
Source: CRAN
Version: 0.1-3
Hash: c590d29e555926af053055e23ee79efb

Package: bindr
Source: CRAN
Version: 0.1
Hash: e3a02070cf705d3ad1c5af1635a515a3

Package: bindrcpp
Source: CRAN
Version: 0.2
Hash: 8ab2dbf7ea120cf2d31183e0bf388485
Requires: Rcpp, bindr, plogr

Package: bitops
Source: CRAN
Version: 1.0-6
Hash: 67d0775189fd0041d95abca618c5c07e

Package: caTools
Source: CRAN
Version: 1.17.1
Hash: 97cb6f6293cd18d17df77a6383cc6763
Requires: bitops

Package: caper
Source: CRAN
Version: 0.5.2
Hash: c213a19b09870d556d03312cf2ace7ae
Requires: ape, mvtnorm

Package: coda
Source: CRAN
Version: 0.19-1
Hash: e5aff7792ef292cd4306e58e25e403fe

Package: colorspace
Source: CRAN
Version: 1.3-2
Hash: 0bf8618b585fa98eb23414cd3ab95118

Package: dgof
Source: CRAN
Version: 1.2
Hash: 3f8519bfed45dacd98afad29d5f7e53d

Package: dichromat
Source: CRAN
Version: 2.0-0
Hash: 08eed0c80510af29bb15f840ccfe37ce

Package: digest
Source: CRAN
Version: 0.6.12
Hash: e53fb8c58673df868183697e39a6a4d6

Package: dplyr
Source: CRAN
Version: 0.7.2
Hash: a4e8be0458f97a40806bcced654de815
Requires: BH, R6, Rcpp, assertthat, bindrcpp, glue, magrittr,
    pkgconfig, plogr, rlang, tibble

Package: ergm
Source: CRAN
Version: 3.7.1
Hash: 72e88f2d317fd157756df9ebb1f44e20
Requires: coda, lpSolve, network, robustbase, statnet.common, trust

Package: ergm.count
Source: CRAN
Version: 3.2.2
Hash: a2f5f25f81c89acf02ce13073b190d8a
Requires: ergm, network, statnet.common

Package: evaluate
Source: CRAN
Version: 0.10.1
Hash: 54d95f4ec6d0300100413ed0127d89ae
Requires: stringr

Package: ggplot2
Source: CRAN
Version: 2.2.1
Hash: 46e5cb78836848aa44655e577433f54b
Requires: digest, gtable, lazyeval, plyr, reshape2, scales, tibble

Package: glue
Source: CRAN
Version: 1.1.1
Hash: dfd5a27768175ae51d08dc6beba1ef11

Package: gridExtra
Source: CRAN
Version: 2.2.1
Hash: 8f54b57d4b0598ed5b27e0eafe86a670
Requires: gtable

Package: gtable
Source: CRAN
Version: 0.2.0
Hash: cd78381a9d3fea966ac39bd0daaf5554

Package: highr
Source: CRAN
Version: 0.6
Hash: aa3d5b7912b5fed4b546ed5cd2a1760b

Package: htmltools
Source: CRAN
Version: 0.3.6
Hash: 5b070a04ef8df1953544873db1c5896e
Requires: Rcpp, digest

Package: igraph
Source: CRAN
Version: 1.1.2
Hash: 07d33f151f94269a4573d354104e81aa
Requires: irlba, magrittr, pkgconfig

Package: irlba
Source: CRAN
Version: 2.2.1
Hash: 35437a4fd43dbefef9d8b1fd457b3a5f

Package: jsonlite
Source: CRAN
Version: 1.5
Hash: 9c51936d8dd00b2f1d4fe9d10499694c

Package: knitr
Source: CRAN
Version: 1.17
Hash: f6b2bf543ee3e25f5b92bb46f9958c5f
Requires: digest, evaluate, highr, markdown, stringr, yaml

Package: labeling
Source: CRAN
Version: 0.3
Hash: ecf589b42cd284b03a4beb9665482d3e

Package: lazyeval
Source: CRAN
Version: 0.2.0
Hash: 3d6e7608e65bbf5cb170dab1e3c9ed8b

Package: lmodel2
Source: CRAN
Version: 1.7-2
Hash: 1ed86b5e7f7a62192ad8a72024922e1f

Package: lpSolve
Source: CRAN
Version: 5.6.13
Hash: 179cd1170ef9f0a25c689dba0d5b4163

Package: magrittr
Source: CRAN
Version: 1.5
Hash: bdc4d48c3135e8f3b399536ddf160df4

Package: markdown
Source: CRAN
Version: 0.8
Hash: 045d7c594d503b41f1c28946d076c8aa
Requires: mime

Package: mime
Source: CRAN
Version: 0.5
Hash: 463550cf44fb6f0a2359368f42eebe62

Package: misc3d
Source: CRAN
Version: 0.8-4

Package: munsell
Source: CRAN
Version: 0.4.3
Hash: f96d896947fcaf9b6d0074002e9f4f9d
Requires: colorspace

Package: mvtnorm
Source: CRAN
Version: 1.0-6
Hash: 1f55cdac387721d4eda1126ac9aba73b

Package: network
Source: CRAN
Version: 1.13.0
Hash: 3512b833661a624ab079247bf5e46273

Package: networkDynamic
Source: CRAN
Version: 0.9.0
Hash: f0f05d9f42c42a6bbe0b92932bd028a8
Requires: network, statnet.common

Package: packrat
Source: CRAN
Version: 0.4.8-1
Hash: 6ad605ba7b4b476d84be6632393f5765

Package: pbapply
Source: CRAN
Version: 1.3-3
Hash: 3d67cdee188ce527dc1b9ca19f66704e

Package: pkgconfig
Source: CRAN
Version: 2.0.1
Hash: 0dda4a2654a22b36a715c2b0b6fbacac

Package: plogr
Source: CRAN
Version: 0.1-1
Hash: fb19215402e2d9f1c7f803dcaa806fc2

Package: plot3D
Source: CRAN
Version: 1.1.1
Requires: misc3d

Package: plotrix
Source: CRAN
Version: 3.6-6

Package: plyr
Source: CRAN
Version: 1.8.4
Hash: 8fbaff6962e3421b5c9652eebae36159
Requires: Rcpp

Package: reshape2
Source: CRAN
Version: 1.4.2
Hash: df8d1de05444abd99e423c1e3b84c9b0
Requires: Rcpp, plyr, stringr

Package: rlang
Source: CRAN
Version: 0.1.2
Hash: c17b638e3282aa222a47112d7a60bc66

Package: rmarkdown
Source: CRAN
Version: 1.6
Hash: 40f4034a7b8e28edc2b384bdb0c4d537
Requires: base64enc, caTools, evaluate, htmltools, jsonlite, knitr,
    rprojroot, stringr, yaml

Package: robustbase
Source: CRAN
Version: 0.92-7
Hash: 8d57db5d29d2a4dddaac976d7054428d
Requires: DEoptimR

Package: rprojroot
Source: CRAN
Version: 1.2
Hash: fdcac51a7f47decd60556ceefc3c26b1
Requires: backports

Package: scales
Source: CRAN
Version: 0.4.1
Hash: c23bc27bbba87e4039706edf29d8eb68
Requires: RColorBrewer, Rcpp, dichromat, labeling, munsell, plyr

Package: scatterplot3d
Source: CRAN
Version: 0.3-40

Package: segmented
Source: CRAN
Version: 0.5-2.1
Hash: 3e249dd83bc5ac9295e16744a228938f

Package: sna
Source: CRAN
Version: 2.4
Hash: b04131c916a202a9e560c433f1445f68
Requires: network, statnet.common

Package: stargazer
Source: CRAN
Version: 5.2

Package: statnet
Source: CRAN
Version: 2016.9
Hash: 9584fbe3def4373492bd07cc48ca8274
Requires: ergm, ergm.count, network, networkDynamic, sna,
    statnet.common, tergm

Package: statnet.common
Source: CRAN
Version: 4.0.0

Package: stringi
Source: CRAN
Version: 1.1.5
Hash: b6308e49357a0b475f433599e0d8b5eb

Package: stringr
Source: CRAN
Version: 1.2.0
Hash: 25a86d7f410513ebb7c0bc6a5e16bdc3
Requires: magrittr, stringi

Package: tergm
Source: CRAN
Version: 3.4.0
Hash: 526bb0814866f7f2c54775c39860af0a
Requires: coda, ergm, network, networkDynamic, robustbase,
    statnet.common

Package: tibble
Source: CRAN
Version: 1.3.3
Hash: 6a18f6da2887d2c4c4a6554027161483
Requires: Rcpp, rlang

Package: tnet
Source: CRAN
Version: 3.0.14
Hash: bcec9d2c23947a93d62dd0ea382a8856
Requires: igraph

Package: trust
Source: CRAN
Version: 0.1-7
Hash: ffbca52e316226a5989b61a1f41995f8

Package: yaml
Source: CRAN
Version: 2.1.14
Hash: c81230c3a7d9ba20607ad6b4331173d1
